
Microsoft Visual Studio Solution File, Format Version 12.00
# Visual Studio Version 17
VisualStudioVersion = 17.9.34616.47
MinimumVisualStudioVersion = 10.0.40219.1
Project("{FAE04EC0-301F-11D3-BF4B-00C04F79EFBC}") = "ExamenII_Backend", "ExamenII_Backend\ExamenII_Backend.csproj", "{D06F1DC6-482A-4D78-8412-24CE3E317AF1}"
EndProject
Global
	GlobalSection(SolutionConfigurationPlatforms) = preSolution
		Debug|Any CPU = Debug|Any CPU
		Release|Any CPU = Release|Any CPU
	EndGlobalSection
	GlobalSection(ProjectConfigurationPlatforms) = postSolution
		{D06F1DC6-482A-4D78-8412-24CE3E317AF1}.Debug|Any CPU.ActiveCfg = Debug|Any CPU
		{D06F1DC6-482A-4D78-8412-24CE3E317AF1}.Debug|Any CPU.Build.0 = Debug|Any CPU
		{D06F1DC6-482A-4D78-8412-24CE3E317AF1}.Release|Any CPU.ActiveCfg = Release|Any CPU
		{D06F1DC6-482A-4D78-8412-24CE3E317AF1}.Release|Any CPU.Build.0 = Release|Any CPU
	EndGlobalSection
	GlobalSection(SolutionProperties) = preSolution
		HideSolutionNode = FALSE
	EndGlobalSection
	GlobalSection(ExtensibilityGlobals) = postSolution
		SolutionGuid = {3C52B975-0757-4668-95DA-C749C0C532D1}
	EndGlobalSection
EndGlobal
